
Microsoft Visual Studio Solution File, Format Version 12.00
# Visual Studio 15
VisualStudioVersion = 15.0.27428.2043
MinimumVisualStudioVersion = 10.0.40219.1
Project("{FAE04EC0-301F-11D3-BF4B-00C04F79EFBC}") = "Barrios.Fornecedores", "Barrios.Fornecedores\Barrios.Fornecedores.csproj", "{96114EE1-7DD1-4EE4-BB71-C596A6719375}"
EndProject
Global
	GlobalSection(SolutionConfigurationPlatforms) = preSolution
		Debug|Any CPU = Debug|Any CPU
		Release|Any CPU = Release|Any CPU
	EndGlobalSection
	GlobalSection(ProjectConfigurationPlatforms) = postSolution
		{96114EE1-7DD1-4EE4-BB71-C596A6719375}.Debug|Any CPU.ActiveCfg = Debug|Any CPU
		{96114EE1-7DD1-4EE4-BB71-C596A6719375}.Debug|Any CPU.Build.0 = Debug|Any CPU
		{96114EE1-7DD1-4EE4-BB71-C596A6719375}.Release|Any CPU.ActiveCfg = Release|Any CPU
		{96114EE1-7DD1-4EE4-BB71-C596A6719375}.Release|Any CPU.Build.0 = Release|Any CPU
	EndGlobalSection
	GlobalSection(SolutionProperties) = preSolution
		HideSolutionNode = FALSE
	EndGlobalSection
	GlobalSection(ExtensibilityGlobals) = postSolution
		SolutionGuid = {AC1D25CF-58A0-47C5-B32E-7484206F642E}
	EndGlobalSection
EndGlobal
